
Microsoft Visual Studio Solution File, Format Version 12.00
# Visual Studio Version 16
VisualStudioVersion = 16.0.30330.147
MinimumVisualStudioVersion = 10.0.40219.1
Project("{FAE04EC0-301F-11D3-BF4B-00C04F79EFBC}") = "ReferansAndValueType", "ReferansAndValueType\ReferansAndValueType.csproj", "{8FE9C316-5E32-4314-8306-EE68669A1939}"
EndProject
Project("{FAE04EC0-301F-11D3-BF4B-00C04F79EFBC}") = "Collections", "Collections\Collections.csproj", "{51D8AFE1-EBC4-4C49-B288-2189249893FB}"
EndProject
Global
	GlobalSection(SolutionConfigurationPlatforms) = preSolution
		Debug|Any CPU = Debug|Any CPU
		Release|Any CPU = Release|Any CPU
	EndGlobalSection
	GlobalSection(ProjectConfigurationPlatforms) = postSolution
		{8FE9C316-5E32-4314-8306-EE68669A1939}.Debug|Any CPU.ActiveCfg = Debug|Any CPU
		{8FE9C316-5E32-4314-8306-EE68669A1939}.Debug|Any CPU.Build.0 = Debug|Any CPU
		{8FE9C316-5E32-4314-8306-EE68669A1939}.Release|Any CPU.ActiveCfg = Release|Any CPU
		{8FE9C316-5E32-4314-8306-EE68669A1939}.Release|Any CPU.Build.0 = Release|Any CPU
		{51D8AFE1-EBC4-4C49-B288-2189249893FB}.Debug|Any CPU.ActiveCfg = Debug|Any CPU
		{51D8AFE1-EBC4-4C49-B288-2189249893FB}.Debug|Any CPU.Build.0 = Debug|Any CPU
		{51D8AFE1-EBC4-4C49-B288-2189249893FB}.Release|Any CPU.ActiveCfg = Release|Any CPU
		{51D8AFE1-EBC4-4C49-B288-2189249893FB}.Release|Any CPU.Build.0 = Release|Any CPU
	EndGlobalSection
	GlobalSection(SolutionProperties) = preSolution
		HideSolutionNode = FALSE
	EndGlobalSection
	GlobalSection(ExtensibilityGlobals) = postSolution
		SolutionGuid = {3AE81B11-2DF4-43CA-9EA8-F74764CC6C07}
	EndGlobalSection
EndGlobal
