
Microsoft Visual Studio Solution File, Format Version 12.00
# Visual Studio Version 16
VisualStudioVersion = 16.0.30330.147
MinimumVisualStudioVersion = 10.0.40219.1
Project("{FAE04EC0-301F-11D3-BF4B-00C04F79EFBC}") = "ReferansAndValueType", "ReferansAndValueType\ReferansAndValueType.csproj", "{8FE9C316-5E32-4314-8306-EE68669A1939}"
EndProject
Project("{9A19103F-16F7-4668-BE54-9A1E7A4F7556}") = "Collections", "Collections\Collections.csproj", "{51D8AFE1-EBC4-4C49-B288-2189249893FB}"
EndProject
Project("{9A19103F-16F7-4668-BE54-9A1E7A4F7556}") = "Exceptions", "Exceptions\Exceptions.csproj", "{5D8B241E-F7C7-4CC9-B27B-4B9D57634510}"
EndProject
Project("{FAE04EC0-301F-11D3-BF4B-00C04F79EFBC}") = "Generics", "Generics\Generics.csproj", "{1CD88215-360C-4133-B20C-DF07E02E2774}"
EndProject
Project("{FAE04EC0-301F-11D3-BF4B-00C04F79EFBC}") = "Atttributes", "Atttributes\Atttributes.csproj", "{F65FB4C6-FE0C-441E-88F8-ED50685F2C1D}"
EndProject
Project("{FAE04EC0-301F-11D3-BF4B-00C04F79EFBC}") = "Reflection", "Reflection\Reflection.csproj", "{769D56ED-888E-43AA-A803-3B17498F8F34}"
EndProject
Global
	GlobalSection(SolutionConfigurationPlatforms) = preSolution
		Debug|Any CPU = Debug|Any CPU
		Release|Any CPU = Release|Any CPU
	EndGlobalSection
	GlobalSection(ProjectConfigurationPlatforms) = postSolution
		{8FE9C316-5E32-4314-8306-EE68669A1939}.Debug|Any CPU.ActiveCfg = Debug|Any CPU
		{8FE9C316-5E32-4314-8306-EE68669A1939}.Debug|Any CPU.Build.0 = Debug|Any CPU
		{8FE9C316-5E32-4314-8306-EE68669A1939}.Release|Any CPU.ActiveCfg = Release|Any CPU
		{8FE9C316-5E32-4314-8306-EE68669A1939}.Release|Any CPU.Build.0 = Release|Any CPU
		{51D8AFE1-EBC4-4C49-B288-2189249893FB}.Debug|Any CPU.ActiveCfg = Debug|Any CPU
		{51D8AFE1-EBC4-4C49-B288-2189249893FB}.Debug|Any CPU.Build.0 = Debug|Any CPU
		{51D8AFE1-EBC4-4C49-B288-2189249893FB}.Release|Any CPU.ActiveCfg = Release|Any CPU
		{51D8AFE1-EBC4-4C49-B288-2189249893FB}.Release|Any CPU.Build.0 = Release|Any CPU
		{5D8B241E-F7C7-4CC9-B27B-4B9D57634510}.Debug|Any CPU.ActiveCfg = Debug|Any CPU
		{5D8B241E-F7C7-4CC9-B27B-4B9D57634510}.Debug|Any CPU.Build.0 = Debug|Any CPU
		{5D8B241E-F7C7-4CC9-B27B-4B9D57634510}.Release|Any CPU.ActiveCfg = Release|Any CPU
		{5D8B241E-F7C7-4CC9-B27B-4B9D57634510}.Release|Any CPU.Build.0 = Release|Any CPU
		{1CD88215-360C-4133-B20C-DF07E02E2774}.Debug|Any CPU.ActiveCfg = Debug|Any CPU
		{1CD88215-360C-4133-B20C-DF07E02E2774}.Debug|Any CPU.Build.0 = Debug|Any CPU
		{1CD88215-360C-4133-B20C-DF07E02E2774}.Release|Any CPU.ActiveCfg = Release|Any CPU
		{1CD88215-360C-4133-B20C-DF07E02E2774}.Release|Any CPU.Build.0 = Release|Any CPU
		{F65FB4C6-FE0C-441E-88F8-ED50685F2C1D}.Debug|Any CPU.ActiveCfg = Debug|Any CPU
		{F65FB4C6-FE0C-441E-88F8-ED50685F2C1D}.Debug|Any CPU.Build.0 = Debug|Any CPU
		{F65FB4C6-FE0C-441E-88F8-ED50685F2C1D}.Release|Any CPU.ActiveCfg = Release|Any CPU
		{F65FB4C6-FE0C-441E-88F8-ED50685F2C1D}.Release|Any CPU.Build.0 = Release|Any CPU
		{769D56ED-888E-43AA-A803-3B17498F8F34}.Debug|Any CPU.ActiveCfg = Debug|Any CPU
		{769D56ED-888E-43AA-A803-3B17498F8F34}.Debug|Any CPU.Build.0 = Debug|Any CPU
		{769D56ED-888E-43AA-A803-3B17498F8F34}.Release|Any CPU.ActiveCfg = Release|Any CPU
		{769D56ED-888E-43AA-A803-3B17498F8F34}.Release|Any CPU.Build.0 = Release|Any CPU
	EndGlobalSection
	GlobalSection(SolutionProperties) = preSolution
		HideSolutionNode = FALSE
	EndGlobalSection
	GlobalSection(ExtensibilityGlobals) = postSolution
		SolutionGuid = {3AE81B11-2DF4-43CA-9EA8-F74764CC6C07}
	EndGlobalSection
EndGlobal
